<?xml version="1.0" encoding="utf-8"?>
<Project ToolsVersion="4.0" xmlns="http://schemas.microsoft.com/developer/msbuild/2003">
  <ItemGroup>
    <Filter Include="소스 파일">
      <UniqueIdentifier>{4FC737F1-C7A5-4376-A066-2A32D752A2FF}</UniqueIdentifier>
      <Extensions>cpp;c;cc;cxx;c++;cppm;ixx;def;odl;idl;hpj;bat;asm;asmx</Extensions>
    </Filter>
    <Filter Include="헤더 파일">
      <UniqueIdentifier>{93995380-89BD-4b04-88EB-625FBE52EBFB}</UniqueIdentifier>
      <Extensions>h;hh;hpp;hxx;h++;hm;inl;inc;ipp;xsd</Extensions>
    </Filter>
    <Filter Include="리소스 파일">
      <UniqueIdentifier>{67DA6AB6-F800-4c08-8B7A-83BB121AAD01}</UniqueIdentifier>
      <Extensions>rc;ico;cur;bmp;dlg;rc2;rct;bin;rgs;gif;jpg;jpeg;jpe;resx;tiff;tif;png;wav;mfcribbon-ms</Extensions>
    </Filter>
    <Filter Include="소스 파일\MainUpdate">
      <UniqueIdentifier>{7874680e-b073-44f1-866d-162352266ebb}</UniqueIdentifier>
    </Filter>
    <Filter Include="소스 파일\Object">
      <UniqueIdentifier>{463ffd8d-5611-44f7-bfe3-e58f985b2549}</UniqueIdentifier>
    </Filter>
    <Filter Include="소스 파일\Object\Bullet">
      <UniqueIdentifier>{dd2bcce2-1e8f-4f26-bd63-02f12360cc18}</UniqueIdentifier>
    </Filter>
    <Filter Include="소스 파일\Object\Enemy">
      <UniqueIdentifier>{0c747776-4975-479d-bdfc-406980a97267}</UniqueIdentifier>
    </Filter>
    <Filter Include="소스 파일\Object\Player">
      <UniqueIdentifier>{2f1b2abf-8dfb-4ad4-9e45-dd8d2b29e08c}</UniqueIdentifier>
    </Filter>
    <Filter Include="소스 파일\Scene">
      <UniqueIdentifier>{6a36c370-62c3-423a-8297-dae0dc9a2bb7}</UniqueIdentifier>
    </Filter>
    <Filter Include="소스 파일\Scene\Logo">
      <UniqueIdentifier>{385944e2-e455-45c5-8f7f-d88fc0b44ce4}</UniqueIdentifier>
    </Filter>
    <Filter Include="소스 파일\Scene\Menu">
      <UniqueIdentifier>{637c4a37-47c8-464a-bef1-c5a1ebf71e85}</UniqueIdentifier>
    </Filter>
    <Filter Include="소스 파일\Scene\Stage">
      <UniqueIdentifier>{7fda423b-ba38-431f-8483-44ec4ce3888c}</UniqueIdentifier>
    </Filter>
    <Filter Include="소스 파일\Manager">
      <UniqueIdentifier>{e167b453-45d5-4f61-a41e-051f27f7c272}</UniqueIdentifier>
    </Filter>
    <Filter Include="소스 파일\Manager\CollisionManager">
      <UniqueIdentifier>{f27f0822-f102-4e9a-923c-6e38ad84d22a}</UniqueIdentifier>
    </Filter>
    <Filter Include="소스 파일\Manager\CursorManager">
      <UniqueIdentifier>{53189712-0fc8-4585-ad43-92e0639e28e5}</UniqueIdentifier>
    </Filter>
    <Filter Include="소스 파일\Manager\InputMnager">
      <UniqueIdentifier>{3deb2a64-b175-439d-a249-62255824f2f6}</UniqueIdentifier>
    </Filter>
    <Filter Include="소스 파일\Manager\ObjectManager">
      <UniqueIdentifier>{623bf419-cbc8-48d3-9089-25e6adf762f7}</UniqueIdentifier>
    </Filter>
    <Filter Include="소스 파일\Manager\SceneManager">
      <UniqueIdentifier>{929910cb-6d71-410c-8b91-797d00921bca}</UniqueIdentifier>
    </Filter>
    <Filter Include="헤더 파일\Include">
      <UniqueIdentifier>{1b134bfb-94db-43d8-a815-a50a48d3a682}</UniqueIdentifier>
    </Filter>
    <Filter Include="소스 파일\UI">
      <UniqueIdentifier>{2b4bd528-39e1-471a-923d-d3ad8ef00912}</UniqueIdentifier>
    </Filter>
    <Filter Include="소스 파일\Object\Enemy\Worker">
      <UniqueIdentifier>{895be5ad-26d2-4e8f-bdb4-324ee9377dfc}</UniqueIdentifier>
    </Filter>
    <Filter Include="소스 파일\Manager\ObjectFactory">
      <UniqueIdentifier>{2dfa3cbd-4dec-47e9-aebb-57073df5e525}</UniqueIdentifier>
    </Filter>
    <Filter Include="소스 파일\Object\RespawnZOne">
      <UniqueIdentifier>{b14213d8-91ff-44ef-a1c4-253b55373823}</UniqueIdentifier>
    </Filter>
    <Filter Include="소스 파일\Object\Ground">
      <UniqueIdentifier>{4a94f406-b39c-4462-8285-8be2e96fa077}</UniqueIdentifier>
    </Filter>
    <Filter Include="소스 파일\MapFile">
      <UniqueIdentifier>{585f2d29-44c4-4421-b873-18f8e7a6409d}</UniqueIdentifier>
    </Filter>
    <Filter Include="소스 파일\MapFile\BegginerHunt">
      <UniqueIdentifier>{f536bf9c-ece2-454f-89a1-73dec2b0b282}</UniqueIdentifier>
    </Filter>
    <Filter Include="소스 파일\MapFile\BegginerHunt2">
      <UniqueIdentifier>{6d84b9fe-390d-484b-8e68-dc75a051906f}</UniqueIdentifier>
    </Filter>
    <Filter Include="소스 파일\MapFile\Village">
      <UniqueIdentifier>{c5fd9a8a-163b-4cf5-851f-bd76c893094f}</UniqueIdentifier>
    </Filter>
    <Filter Include="소스 파일\Object\MoveTeleport">
      <UniqueIdentifier>{90292cb2-aa15-4578-a8e0-24f38c70b0b0}</UniqueIdentifier>
    </Filter>
  </ItemGroup>
  <ItemGroup>
    <ClCompile Include="main.cpp">
      <Filter>소스 파일</Filter>
    </ClCompile>
    <ClCompile Include="MainUpdate.cpp">
      <Filter>소스 파일\MainUpdate</Filter>
    </ClCompile>
    <ClCompile Include="Object.cpp">
      <Filter>소스 파일\Object</Filter>
    </ClCompile>
    <ClCompile Include="Logo.cpp">
      <Filter>소스 파일\Scene\Logo</Filter>
    </ClCompile>
    <ClCompile Include="Menu.cpp">
      <Filter>소스 파일\Scene\Menu</Filter>
    </ClCompile>
    <ClCompile Include="Stage.cpp">
      <Filter>소스 파일\Scene\Stage</Filter>
    </ClCompile>
    <ClCompile Include="Scene.cpp">
      <Filter>소스 파일\Scene</Filter>
    </ClCompile>
    <ClCompile Include="CursorManager.cpp">
      <Filter>소스 파일\Manager\CursorManager</Filter>
    </ClCompile>
    <ClCompile Include="InputManager.cpp">
      <Filter>소스 파일\Manager\InputMnager</Filter>
    </ClCompile>
    <ClCompile Include="SceneManager.cpp">
      <Filter>소스 파일\Manager\SceneManager</Filter>
    </ClCompile>
    <ClCompile Include="ObjectManager.cpp">
      <Filter>소스 파일\Manager\ObjectManager</Filter>
    </ClCompile>
    <ClCompile Include="Bullet.cpp">
      <Filter>소스 파일\Object\Bullet</Filter>
    </ClCompile>
    <ClCompile Include="Enemy.cpp">
      <Filter>소스 파일\Object\Enemy</Filter>
    </ClCompile>
    <ClCompile Include="Player.cpp">
      <Filter>소스 파일\Object\Player</Filter>
    </ClCompile>
    <ClCompile Include="Ground.cpp">
      <Filter>소스 파일\Object\Ground</Filter>
    </ClCompile>
    <ClCompile Include="UI.cpp">
      <Filter>소스 파일\UI</Filter>
    </ClCompile>
    <ClCompile Include="Worker.cpp">
      <Filter>소스 파일\Object\Enemy\Worker</Filter>
    </ClCompile>
    <ClCompile Include="RespawnZone.cpp">
      <Filter>소스 파일\Object\RespawnZOne</Filter>
    </ClCompile>
    <ClCompile Include="MapFile.cpp">
      <Filter>소스 파일\MapFile</Filter>
    </ClCompile>
    <ClCompile Include="BegginerHunt.cpp">
      <Filter>소스 파일\MapFile\BegginerHunt</Filter>
    </ClCompile>
    <ClCompile Include="BegginerHunt2.cpp">
      <Filter>소스 파일\MapFile\BegginerHunt2</Filter>
    </ClCompile>
    <ClCompile Include="MoveTeleport.cpp">
      <Filter>소스 파일\Object\MoveTeleport</Filter>
    </ClCompile>
  </ItemGroup>
  <ItemGroup>
    <ClInclude Include="MainUpdate.h">
      <Filter>소스 파일\MainUpdate</Filter>
    </ClInclude>
    <ClInclude Include="Headers.h">
      <Filter>헤더 파일</Filter>
    </ClInclude>
    <ClInclude Include="Object.h">
      <Filter>소스 파일\Object</Filter>
    </ClInclude>
    <ClInclude Include="Logo.h">
      <Filter>소스 파일\Scene\Logo</Filter>
    </ClInclude>
    <ClInclude Include="Menu.h">
      <Filter>소스 파일\Scene\Menu</Filter>
    </ClInclude>
    <ClInclude Include="Stage.h">
      <Filter>소스 파일\Scene\Stage</Filter>
    </ClInclude>
    <ClInclude Include="Scene.h">
      <Filter>소스 파일\Scene</Filter>
    </ClInclude>
    <ClInclude Include="CollisionManager.h">
      <Filter>소스 파일\Manager\CollisionManager</Filter>
    </ClInclude>
    <ClInclude Include="CursorManager.h">
      <Filter>소스 파일\Manager\CursorManager</Filter>
    </ClInclude>
    <ClInclude Include="InputManager.h">
      <Filter>소스 파일\Manager\InputMnager</Filter>
    </ClInclude>
    <ClInclude Include="SceneManager.h">
      <Filter>소스 파일\Manager\SceneManager</Filter>
    </ClInclude>
    <ClInclude Include="ObjectManager.h">
      <Filter>소스 파일\Manager\ObjectManager</Filter>
    </ClInclude>
    <ClInclude Include="Constant.h">
      <Filter>헤더 파일\Include</Filter>
    </ClInclude>
    <ClInclude Include="Enum.h">
      <Filter>헤더 파일\Include</Filter>
    </ClInclude>
    <ClInclude Include="Struct.h">
      <Filter>헤더 파일\Include</Filter>
    </ClInclude>
    <ClInclude Include="Bullet.h">
      <Filter>소스 파일\Object\Bullet</Filter>
    </ClInclude>
    <ClInclude Include="Enemy.h">
      <Filter>소스 파일\Object\Enemy</Filter>
    </ClInclude>
    <ClInclude Include="Player.h">
      <Filter>소스 파일\Object\Player</Filter>
    </ClInclude>
    <ClInclude Include="Ground.h">
      <Filter>소스 파일\Object\Ground</Filter>
    </ClInclude>
    <ClInclude Include="UI.h">
      <Filter>소스 파일\UI</Filter>
    </ClInclude>
    <ClInclude Include="Worker.h">
      <Filter>소스 파일\Object\Enemy\Worker</Filter>
    </ClInclude>
    <ClInclude Include="ObjectFactory.h">
      <Filter>소스 파일\Manager\ObjectFactory</Filter>
    </ClInclude>
    <ClInclude Include="RespawnZone.h">
      <Filter>소스 파일\Object\RespawnZOne</Filter>
    </ClInclude>
    <ClInclude Include="MapFile.h">
      <Filter>소스 파일\MapFile</Filter>
    </ClInclude>
    <ClInclude Include="BegginerHunt.h">
      <Filter>소스 파일\MapFile\BegginerHunt</Filter>
    </ClInclude>
    <ClInclude Include="BegginerHunt2.h">
      <Filter>소스 파일\MapFile\BegginerHunt2</Filter>
    </ClInclude>
    <ClInclude Include="MoveTeleport.h">
      <Filter>소스 파일\Object\MoveTeleport</Filter>
    </ClInclude>
  </ItemGroup>
</Project>